// !$*UTF8*$!
{
	archiveVersion = 1;
	classes = {
	};
	objectVersion = 55;
	objects = {

/* Begin PBXBuildFile section */
		9D6A6AFD281BCE300059FEFA /* AppDelegate.swift in Sources */ = {isa = PBXBuildFile; fileRef = 9D6A6AFC281BCE300059FEFA /* AppDelegate.swift */; };
		9D6A6AFF281BCE300059FEFA /* SceneDelegate.swift in Sources */ = {isa = PBXBuildFile; fileRef = 9D6A6AFE281BCE300059FEFA /* SceneDelegate.swift */; };
		9D6A6B01281BCE300059FEFA /* ViewController.swift in Sources */ = {isa = PBXBuildFile; fileRef = 9D6A6B00281BCE300059FEFA /* ViewController.swift */; };
		9D6A6B04281BCE300059FEFA /* Main.storyboard in Resources */ = {isa = PBXBuildFile; fileRef = 9D6A6B02281BCE300059FEFA /* Main.storyboard */; };
		9D6A6B07281BCE300059FEFA /* netflix.xcdatamodeld in Sources */ = {isa = PBXBuildFile; fileRef = 9D6A6B05281BCE300059FEFA /* netflix.xcdatamodeld */; };
		9D6A6B09281BCE310059FEFA /* Assets.xcassets in Resources */ = {isa = PBXBuildFile; fileRef = 9D6A6B08281BCE310059FEFA /* Assets.xcassets */; };
		9D6A6B0C281BCE310059FEFA /* LaunchScreen.storyboard in Resources */ = {isa = PBXBuildFile; fileRef = 9D6A6B0A281BCE310059FEFA /* LaunchScreen.storyboard */; };
		9D6A6B17281BCE310059FEFA /* netflixTests.swift in Sources */ = {isa = PBXBuildFile; fileRef = 9D6A6B16281BCE310059FEFA /* netflixTests.swift */; };
		9D6A6B21281BCE310059FEFA /* netflixUITests.swift in Sources */ = {isa = PBXBuildFile; fileRef = 9D6A6B20281BCE310059FEFA /* netflixUITests.swift */; };
		9D6A6B23281BCE310059FEFA /* netflixUITestsLaunchTests.swift in Sources */ = {isa = PBXBuildFile; fileRef = 9D6A6B22281BCE310059FEFA /* netflixUITestsLaunchTests.swift */; };
/* End PBXBuildFile section */

/* Begin PBXContainerItemProxy section */
		9D6A6B13281BCE310059FEFA /* PBXContainerItemProxy */ = {
			isa = PBXContainerItemProxy;
			containerPortal = 9D6A6AF1281BCE300059FEFA /* Project object */;
			proxyType = 1;
			remoteGlobalIDString = 9D6A6AF8281BCE300059FEFA;
			remoteInfo = netflix;
		};
		9D6A6B1D281BCE310059FEFA /* PBXContainerItemProxy */ = {
			isa = PBXContainerItemProxy;
			containerPortal = 9D6A6AF1281BCE300059FEFA /* Project object */;
			proxyType = 1;
			remoteGlobalIDString = 9D6A6AF8281BCE300059FEFA;
			remoteInfo = netflix;
		};
/* End PBXContainerItemProxy section */

/* Begin PBXFileReference section */
		9D6A6AF9281BCE300059FEFA /* netflix.app */ = {isa = PBXFileReference; explicitFileType = wrapper.application; includeInIndex = 0; path = netflix.app; sourceTree = BUILT_PRODUCTS_DIR; };
		9D6A6AFC281BCE300059FEFA /* AppDelegate.swift */ = {isa = PBXFileReference; lastKnownFileType = sourcecode.swift; path = AppDelegate.swift; sourceTree = "<group>"; };
		9D6A6AFE281BCE300059FEFA /* SceneDelegate.swift */ = {isa = PBXFileReference; lastKnownFileType = sourcecode.swift; path = SceneDelegate.swift; sourceTree = "<group>"; };
		9D6A6B00281BCE300059FEFA /* ViewController.swift */ = {isa = PBXFileReference; lastKnownFileType = sourcecode.swift; path = ViewController.swift; sourceTree = "<group>"; };
		9D6A6B03281BCE300059FEFA /* Base */ = {isa = PBXFileReference; lastKnownFileType = file.storyboard; name = Base; path = Base.lproj/Main.storyboard; sourceTree = "<group>"; };
		9D6A6B06281BCE300059FEFA /* netflix.xcdatamodel */ = {isa = PBXFileReference; lastKnownFileType = wrapper.xcdatamodel; path = netflix.xcdatamodel; sourceTree = "<group>"; };
		9D6A6B08281BCE310059FEFA /* Assets.xcassets */ = {isa = PBXFileReference; lastKnownFileType = folder.assetcatalog; path = Assets.xcassets; sourceTree = "<group>"; };
		9D6A6B0B281BCE310059FEFA /* Base */ = {isa = PBXFileReference; lastKnownFileType = file.storyboard; name = Base; path = Base.lproj/LaunchScreen.storyboard; sourceTree = "<group>"; };
		9D6A6B0D281BCE310059FEFA /* Info.plist */ = {isa = PBXFileReference; lastKnownFileType = text.plist.xml; path = Info.plist; sourceTree = "<group>"; };
		9D6A6B12281BCE310059FEFA /* netflixTests.xctest */ = {isa = PBXFileReference; explicitFileType = wrapper.cfbundle; includeInIndex = 0; path = netflixTests.xctest; sourceTree = BUILT_PRODUCTS_DIR; };
		9D6A6B16281BCE310059FEFA /* netflixTests.swift */ = {isa = PBXFileReference; lastKnownFileType = sourcecode.swift; path = netflixTests.swift; sourceTree = "<group>"; };
		9D6A6B1C281BCE310059FEFA /* netflixUITests.xctest */ = {isa = PBXFileReference; explicitFileType = wrapper.cfbundle; includeInIndex = 0; path = netflixUITests.xctest; sourceTree = BUILT_PRODUCTS_DIR; };
		9D6A6B20281BCE310059FEFA /* netflixUITests.swift */ = {isa = PBXFileReference; lastKnownFileType = sourcecode.swift; path = netflixUITests.swift; sourceTree = "<group>"; };
		9D6A6B22281BCE310059FEFA /* netflixUITestsLaunchTests.swift */ = {isa = PBXFileReference; lastKnownFileType = sourcecode.swift; path = netflixUITestsLaunchTests.swift; sourceTree = "<group>"; };
/* End PBXFileReference section */

/* Begin PBXFrameworksBuildPhase section */
		9D6A6AF6281BCE300059FEFA /* Frameworks */ = {
			isa = PBXFrameworksBuildPhase;
			buildActionMask = 2147483647;
			files = (
			);
			runOnlyForDeploymentPostprocessing = 0;
		};
		9D6A6B0F281BCE310059FEFA /* Frameworks */ = {
			isa = PBXFrameworksBuildPhase;
			buildActionMask = 2147483647;
			files = (
			);
			runOnlyForDeploymentPostprocessing = 0;
		};
		9D6A6B19281BCE310059FEFA /* Frameworks */ = {
			isa = PBXFrameworksBuildPhase;
			buildActionMask = 2147483647;
			files = (
			);
			runOnlyForDeploymentPostprocessing = 0;
		};
/* End PBXFrameworksBuildPhase section */

/* Begin PBXGroup section */
		9D6A6AF0281BCE300059FEFA = {
			isa = PBXGroup;
			children = (
				9D6A6AFB281BCE300059FEFA /* netflix */,
				9D6A6B15281BCE310059FEFA /* netflixTests */,
				9D6A6B1F281BCE310059FEFA /* netflixUITests */,
				9D6A6AFA281BCE300059FEFA /* Products */,
			);
			sourceTree = "<group>";
		};
		9D6A6AFA281BCE300059FEFA /* Products */ = {
			isa = PBXGroup;
			children = (
				9D6A6AF9281BCE300059FEFA /* netflix.app */,
				9D6A6B12281BCE310059FEFA /* netflixTests.xctest */,
				9D6A6B1C281BCE310059FEFA /* netflixUITests.xctest */,
			);
			name = Products;
			sourceTree = "<group>";
		};
		9D6A6AFB281BCE300059FEFA /* netflix */ = {
			isa = PBXGroup;
			children = (
				9D6A6AFC281BCE300059FEFA /* AppDelegate.swift */,
				9D6A6AFE281BCE300059FEFA /* SceneDelegate.swift */,
				9D6A6B00281BCE300059FEFA /* ViewController.swift */,
				9D6A6B02281BCE300059FEFA /* Main.storyboard */,
				9D6A6B08281BCE310059FEFA /* Assets.xcassets */,
				9D6A6B0A281BCE310059FEFA /* LaunchScreen.storyboard */,
				9D6A6B0D281BCE310059FEFA /* Info.plist */,
				9D6A6B05281BCE300059FEFA /* netflix.xcdatamodeld */,
			);
			path = netflix;
			sourceTree = "<group>";
		};
		9D6A6B15281BCE310059FEFA /* netflixTests */ = {
			isa = PBXGroup;
			children = (
				9D6A6B16281BCE310059FEFA /* netflixTests.swift */,
			);
			path = netflixTests;
			sourceTree = "<group>";
		};
		9D6A6B1F281BCE310059FEFA /* netflixUITests */ = {
			isa = PBXGroup;
			children = (
				9D6A6B20281BCE310059FEFA /* netflixUITests.swift */,
				9D6A6B22281BCE310059FEFA /* netflixUITestsLaunchTests.swift */,
			);
			path = netflixUITests;
			sourceTree = "<group>";
		};
/* End PBXGroup section */

/* Begin PBXNativeTarget section */
		9D6A6AF8281BCE300059FEFA /* netflix */ = {
			isa = PBXNativeTarget;
			buildConfigurationList = 9D6A6B26281BCE310059FEFA /* Build configuration list for PBXNativeTarget "netflix" */;
			buildPhases = (
				9D6A6AF5281BCE300059FEFA /* Sources */,
				9D6A6AF6281BCE300059FEFA /* Frameworks */,
				9D6A6AF7281BCE300059FEFA /* Resources */,
			);
			buildRules = (
			);
			dependencies = (
			);
			name = netflix;
			productName = netflix;
			productReference = 9D6A6AF9281BCE300059FEFA /* netflix.app */;
			productType = "com.apple.product-type.application";
		};
		9D6A6B11281BCE310059FEFA /* netflixTests */ = {
			isa = PBXNativeTarget;
			buildConfigurationList = 9D6A6B29281BCE310059FEFA /* Build configuration list for PBXNativeTarget "netflixTests" */;
			buildPhases = (
				9D6A6B0E281BCE310059FEFA /* Sources */,
				9D6A6B0F281BCE310059FEFA /* Frameworks */,
				9D6A6B10281BCE310059FEFA /* Resources */,
			);
			buildRules = (
			);
			dependencies = (
				9D6A6B14281BCE310059FEFA /* PBXTargetDependency */,
			);
			name = netflixTests;
			productName = netflixTests;
			productReference = 9D6A6B12281BCE310059FEFA /* netflixTests.xctest */;
			productType = "com.apple.product-type.bundle.unit-test";
		};
		9D6A6B1B281BCE310059FEFA /* netflixUITests */ = {
			isa = PBXNativeTarget;
			buildConfigurationList = 9D6A6B2C281BCE310059FEFA /* Build configuration list for PBXNativeTarget "netflixUITests" */;
			buildPhases = (
				9D6A6B18281BCE310059FEFA /* Sources */,
				9D6A6B19281BCE310059FEFA /* Frameworks */,
				9D6A6B1A281BCE310059FEFA /* Resources */,
			);
			buildRules = (
			);
			dependencies = (
				9D6A6B1E281BCE310059FEFA /* PBXTargetDependency */,
			);
			name = netflixUITests;
			productName = netflixUITests;
			productReference = 9D6A6B1C281BCE310059FEFA /* netflixUITests.xctest */;
			productType = "com.apple.product-type.bundle.ui-testing";
		};
/* End PBXNativeTarget section */

/* Begin PBXProject section */
		9D6A6AF1281BCE300059FEFA /* Project object */ = {
			isa = PBXProject;
			attributes = {
				BuildIndependentTargetsInParallel = 1;
				LastSwiftUpdateCheck = 1310;
				LastUpgradeCheck = 1310;
				TargetAttributes = {
					9D6A6AF8281BCE300059FEFA = {
						CreatedOnToolsVersion = 13.1;
					};
					9D6A6B11281BCE310059FEFA = {
						CreatedOnToolsVersion = 13.1;
						TestTargetID = 9D6A6AF8281BCE300059FEFA;
					};
					9D6A6B1B281BCE310059FEFA = {
						CreatedOnToolsVersion = 13.1;
						TestTargetID = 9D6A6AF8281BCE300059FEFA;
					};
				};
			};
			buildConfigurationList = 9D6A6AF4281BCE300059FEFA /* Build configuration list for PBXProject "netflix" */;
			compatibilityVersion = "Xcode 13.0";
			developmentRegion = en;
			hasScannedForEncodings = 0;
			knownRegions = (
				en,
				Base,
			);
			mainGroup = 9D6A6AF0281BCE300059FEFA;
			productRefGroup = 9D6A6AFA281BCE300059FEFA /* Products */;
			projectDirPath = "";
			projectRoot = "";
			targets = (
				9D6A6AF8281BCE300059FEFA /* netflix */,
				9D6A6B11281BCE310059FEFA /* netflixTests */,
				9D6A6B1B281BCE310059FEFA /* netflixUITests */,
			);
		};
/* End PBXProject section */

/* Begin PBXResourcesBuildPhase section */
		9D6A6AF7281BCE300059FEFA /* Resources */ = {
			isa = PBXResourcesBuildPhase;
			buildActionMask = 2147483647;
			files = (
				9D6A6B0C281BCE310059FEFA /* LaunchScreen.storyboard in Resources */,
				9D6A6B09281BCE310059FEFA /* Assets.xcassets in Resources */,
				9D6A6B04281BCE300059FEFA /* Main.storyboard in Resources */,
			);
			runOnlyForDeploymentPostprocessing = 0;
		};
		9D6A6B10281BCE310059FEFA /* Resources */ = {
			isa = PBXResourcesBuildPhase;
			buildActionMask = 2147483647;
			files = (
			);
			runOnlyForDeploymentPostprocessing = 0;
		};
		9D6A6B1A281BCE310059FEFA /* Resources */ = {
			isa = PBXResourcesBuildPhase;
			buildActionMask = 2147483647;
			files = (
			);
			runOnlyForDeploymentPostprocessing = 0;
		};
/* End PBXResourcesBuildPhase section */

/* Begin PBXSourcesBuildPhase section */
		9D6A6AF5281BCE300059FEFA /* Sources */ = {
			isa = PBXSourcesBuildPhase;
			buildActionMask = 2147483647;
			files = (
				9D6A6B01281BCE300059FEFA /* ViewController.swift in Sources */,
				9D6A6AFD281BCE300059FEFA /* AppDelegate.swift in Sources */,
				9D6A6B07281BCE300059FEFA /* netflix.xcdatamodeld in Sources */,
				9D6A6AFF281BCE300059FEFA /* SceneDelegate.swift in Sources */,
			);
			runOnlyForDeploymentPostprocessing = 0;
		};
		9D6A6B0E281BCE310059FEFA /* Sources */ = {
			isa = PBXSourcesBuildPhase;
			buildActionMask = 2147483647;
			files = (
				9D6A6B17281BCE310059FEFA /* netflixTests.swift in Sources */,
			);
			runOnlyForDeploymentPostprocessing = 0;
		};
		9D6A6B18281BCE310059FEFA /* Sources */ = {
			isa = PBXSourcesBuildPhase;
			buildActionMask = 2147483647;
			files = (
				9D6A6B21281BCE310059FEFA /* netflixUITests.swift in Sources */,
				9D6A6B23281BCE310059FEFA /* netflixUITestsLaunchTests.swift in Sources */,
			);
			runOnlyForDeploymentPostprocessing = 0;
		};
/* End PBXSourcesBuildPhase section */

/* Begin PBXTargetDependency section */
		9D6A6B14281BCE310059FEFA /* PBXTargetDependency */ = {
			isa = PBXTargetDependency;
			target = 9D6A6AF8281BCE300059FEFA /* netflix */;
			targetProxy = 9D6A6B13281BCE310059FEFA /* PBXContainerItemProxy */;
		};
		9D6A6B1E281BCE310059FEFA /* PBXTargetDependency */ = {
			isa = PBXTargetDependency;
			target = 9D6A6AF8281BCE300059FEFA /* netflix */;
			targetProxy = 9D6A6B1D281BCE310059FEFA /* PBXContainerItemProxy */;
		};
/* End PBXTargetDependency section */

/* Begin PBXVariantGroup section */
		9D6A6B02281BCE300059FEFA /* Main.storyboard */ = {
			isa = PBXVariantGroup;
			children = (
				9D6A6B03281BCE300059FEFA /* Base */,
			);
			name = Main.storyboard;
			sourceTree = "<group>";
		};
		9D6A6B0A281BCE310059FEFA /* LaunchScreen.storyboard */ = {
			isa = PBXVariantGroup;
			children = (
				9D6A6B0B281BCE310059FEFA /* Base */,
			);
			name = LaunchScreen.storyboard;
			sourceTree = "<group>";
		};
/* End PBXVariantGroup section */

/* Begin XCBuildConfiguration section */
		9D6A6B24281BCE310059FEFA /* Debug */ = {
			isa = XCBuildConfiguration;
			buildSettings = {
				ALWAYS_SEARCH_USER_PATHS = NO;
				CLANG_ANALYZER_NONNULL = YES;
				CLANG_ANALYZER_NUMBER_OBJECT_CONVERSION = YES_AGGRESSIVE;
				CLANG_CXX_LANGUAGE_STANDARD = "gnu++17";
				CLANG_CXX_LIBRARY = "libc++";
				CLANG_ENABLE_MODULES = YES;
				CLANG_ENABLE_OBJC_ARC = YES;
				CLANG_ENABLE_OBJC_WEAK = YES;
				CLANG_WARN_BLOCK_CAPTURE_AUTORELEASING = YES;
				CLANG_WARN_BOOL_CONVERSION = YES;
				CLANG_WARN_COMMA = YES;
				CLANG_WARN_CONSTANT_CONVERSION = YES;
				CLANG_WARN_DEPRECATED_OBJC_IMPLEMENTATIONS = YES;
				CLANG_WARN_DIRECT_OBJC_ISA_USAGE = YES_ERROR;
				CLANG_WARN_DOCUMENTATION_COMMENTS = YES;
				CLANG_WARN_EMPTY_BODY = YES;
				CLANG_WARN_ENUM_CONVERSION = YES;
				CLANG_WARN_INFINITE_RECURSION = YES;
				CLANG_WARN_INT_CONVERSION = YES;
				CLANG_WARN_NON_LITERAL_NULL_CONVERSION = YES;
				CLANG_WARN_OBJC_IMPLICIT_RETAIN_SELF = YES;
				CLANG_WARN_OBJC_LITERAL_CONVERSION = YES;
				CLANG_WARN_OBJC_ROOT_CLASS = YES_ERROR;
				CLANG_WARN_QUOTED_INCLUDE_IN_FRAMEWORK_HEADER = YES;
				CLANG_WARN_RANGE_LOOP_ANALYSIS = YES;
				CLANG_WARN_STRICT_PROTOTYPES = YES;
				CLANG_WARN_SUSPICIOUS_MOVE = YES;
				CLANG_WARN_UNGUARDED_AVAILABILITY = YES_AGGRESSIVE;
				CLANG_WARN_UNREACHABLE_CODE = YES;
				CLANG_WARN__DUPLICATE_METHOD_MATCH = YES;
				COPY_PHASE_STRIP = NO;
				DEBUG_INFORMATION_FORMAT = dwarf;
				ENABLE_STRICT_OBJC_MSGSEND = YES;
				ENABLE_TESTABILITY = YES;
				GCC_C_LANGUAGE_STANDARD = gnu11;
				GCC_DYNAMIC_NO_PIC = NO;
				GCC_NO_COMMON_BLOCKS = YES;
				GCC_OPTIMIZATION_LEVEL = 0;
				GCC_PREPROCESSOR_DEFINITIONS = (
					"DEBUG=1",
					"$(inherited)",
				);
				GCC_WARN_64_TO_32_BIT_CONVERSION = YES;
				GCC_WARN_ABOUT_RETURN_TYPE = YES_ERROR;
				GCC_WARN_UNDECLARED_SELECTOR = YES;
				GCC_WARN_UNINITIALIZED_AUTOS = YES_AGGRESSIVE;
				GCC_WARN_UNUSED_FUNCTION = YES;
				GCC_WARN_UNUSED_VARIABLE = YES;
				IPHONEOS_DEPLOYMENT_TARGET = 15.0;
				MTL_ENABLE_DEBUG_INFO = INCLUDE_SOURCE;
				MTL_FAST_MATH = YES;
				ONLY_ACTIVE_ARCH = YES;
				SDKROOT = iphoneos;
				SWIFT_ACTIVE_COMPILATION_CONDITIONS = DEBUG;
				SWIFT_OPTIMIZATION_LEVEL = "-Onone";
			};
			name = Debug;
		};
		9D6A6B25281BCE310059FEFA /* Release */ = {
			isa = XCBuildConfiguration;
			buildSettings = {
				ALWAYS_SEARCH_USER_PATHS = NO;
				CLANG_ANALYZER_NONNULL = YES;
				CLANG_ANALYZER_NUMBER_OBJECT_CONVERSION = YES_AGGRESSIVE;
				CLANG_CXX_LANGUAGE_STANDARD = "gnu++17";
				CLANG_CXX_LIBRARY = "libc++";
				CLANG_ENABLE_MODULES = YES;
				CLANG_ENABLE_OBJC_ARC = YES;
				CLANG_ENABLE_OBJC_WEAK = YES;
				CLANG_WARN_BLOCK_CAPTURE_AUTORELEASING = YES;
				CLANG_WARN_BOOL_CONVERSION = YES;
				CLANG_WARN_COMMA = YES;
				CLANG_WARN_CONSTANT_CONVERSION = YES;
				CLANG_WARN_DEPRECATED_OBJC_IMPLEMENTATIONS = YES;
				CLANG_WARN_DIRECT_OBJC_ISA_USAGE = YES_ERROR;
				CLANG_WARN_DOCUMENTATION_COMMENTS = YES;
				CLANG_WARN_EMPTY_BODY = YES;
				CLANG_WARN_ENUM_CONVERSION = YES;
				CLANG_WARN_INFINITE_RECURSION = YES;
				CLANG_WARN_INT_CONVERSION = YES;
				CLANG_WARN_NON_LITERAL_NULL_CONVERSION = YES;
				CLANG_WARN_OBJC_IMPLICIT_RETAIN_SELF = YES;
				CLANG_WARN_OBJC_LITERAL_CONVERSION = YES;
				CLANG_WARN_OBJC_ROOT_CLASS = YES_ERROR;
				CLANG_WARN_QUOTED_INCLUDE_IN_FRAMEWORK_HEADER = YES;
				CLANG_WARN_RANGE_LOOP_ANALYSIS = YES;
				CLANG_WARN_STRICT_PROTOTYPES = YES;
				CLANG_WARN_SUSPICIOUS_MOVE = YES;
				CLANG_WARN_UNGUARDED_AVAILABILITY = YES_AGGRESSIVE;
				CLANG_WARN_UNREACHABLE_CODE = YES;
				CLANG_WARN__DUPLICATE_METHOD_MATCH = YES;
				COPY_PHASE_STRIP = NO;
				DEBUG_INFORMATION_FORMAT = "dwarf-with-dsym";
				ENABLE_NS_ASSERTIONS = NO;
				ENABLE_STRICT_OBJC_MSGSEND = YES;
				GCC_C_LANGUAGE_STANDARD = gnu11;
				GCC_NO_COMMON_BLOCKS = YES;
				GCC_WARN_64_TO_32_BIT_CONVERSION = YES;
				GCC_WARN_ABOUT_RETURN_TYPE = YES_ERROR;
				GCC_WARN_UNDECLARED_SELECTOR = YES;
				GCC_WARN_UNINITIALIZED_AUTOS = YES_AGGRESSIVE;
				GCC_WARN_UNUSED_FUNCTION = YES;
				GCC_WARN_UNUSED_VARIABLE = YES;
				IPHONEOS_DEPLOYMENT_TARGET = 15.0;
				MTL_ENABLE_DEBUG_INFO = NO;
				MTL_FAST_MATH = YES;
				SDKROOT = iphoneos;
				SWIFT_COMPILATION_MODE = wholemodule;
				SWIFT_OPTIMIZATION_LEVEL = "-O";
				VALIDATE_PRODUCT = YES;
			};
			name = Release;
		};
		9D6A6B27281BCE310059FEFA /* Debug */ = {
			isa = XCBuildConfiguration;
			buildSettings = {
				ASSETCATALOG_COMPILER_APPICON_NAME = AppIcon;
				ASSETCATALOG_COMPILER_GLOBAL_ACCENT_COLOR_NAME = AccentColor;
				CODE_SIGN_STYLE = Automatic;
				CURRENT_PROJECT_VERSION = 1;
				DEVELOPMENT_TEAM = M3G6GC9D7L;
				GENERATE_INFOPLIST_FILE = YES;
				INFOPLIST_FILE = netflix/Info.plist;
				INFOPLIST_KEY_UIApplicationSupportsIndirectInputEvents = YES;
				INFOPLIST_KEY_UILaunchStoryboardName = LaunchScreen;
				INFOPLIST_KEY_UIMainStoryboardFile = Main;
				INFOPLIST_KEY_UISupportedInterfaceOrientations_iPad = "UIInterfaceOrientationPortrait UIInterfaceOrientationPortraitUpsideDown UIInterfaceOrientationLandscapeLeft UIInterfaceOrientationLandscapeRight";
				INFOPLIST_KEY_UISupportedInterfaceOrientations_iPhone = "UIInterfaceOrientationPortrait UIInterfaceOrientationLandscapeLeft UIInterfaceOrientationLandscapeRight";
				LD_RUNPATH_SEARCH_PATHS = (
					"$(inherited)",
					"@executable_path/Frameworks",
				);
				MARKETING_VERSION = 1.0;
				PRODUCT_BUNDLE_IDENTIFIER = com.halilyilmaz.netflix;
				PRODUCT_NAME = "$(TARGET_NAME)";
				SWIFT_EMIT_LOC_STRINGS = YES;
				SWIFT_VERSION = 5.0;
				TARGETED_DEVICE_FAMILY = "1,2";
			};
			name = Debug;
		};
		9D6A6B28281BCE310059FEFA /* Release */ = {
			isa = XCBuildConfiguration;
			buildSettings = {
				ASSETCATALOG_COMPILER_APPICON_NAME = AppIcon;
				ASSETCATALOG_COMPILER_GLOBAL_ACCENT_COLOR_NAME = AccentColor;
				CODE_SIGN_STYLE = Automatic;
				CURRENT_PROJECT_VERSION = 1;
				DEVELOPMENT_TEAM = M3G6GC9D7L;
				GENERATE_INFOPLIST_FILE = YES;
				INFOPLIST_FILE = netflix/Info.plist;
				INFOPLIST_KEY_UIApplicationSupportsIndirectInputEvents = YES;
				INFOPLIST_KEY_UILaunchStoryboardName = LaunchScreen;
				INFOPLIST_KEY_UIMainStoryboardFile = Main;
				INFOPLIST_KEY_UISupportedInterfaceOrientations_iPad = "UIInterfaceOrientationPortrait UIInterfaceOrientationPortraitUpsideDown UIInterfaceOrientationLandscapeLeft UIInterfaceOrientationLandscapeRight";
				INFOPLIST_KEY_UISupportedInterfaceOrientations_iPhone = "UIInterfaceOrientationPortrait UIInterfaceOrientationLandscapeLeft UIInterfaceOrientationLandscapeRight";
				LD_RUNPATH_SEARCH_PATHS = (
					"$(inherited)",
					"@executable_path/Frameworks",
				);
				MARKETING_VERSION = 1.0;
				PRODUCT_BUNDLE_IDENTIFIER = com.halilyilmaz.netflix;
				PRODUCT_NAME = "$(TARGET_NAME)";
				SWIFT_EMIT_LOC_STRINGS = YES;
				SWIFT_VERSION = 5.0;
				TARGETED_DEVICE_FAMILY = "1,2";
			};
			name = Release;
		};
		9D6A6B2A281BCE310059FEFA /* Debug */ = {
			isa = XCBuildConfiguration;
			buildSettings = {
				ALWAYS_EMBED_SWIFT_STANDARD_LIBRARIES = YES;
				BUNDLE_LOADER = "$(TEST_HOST)";
				CODE_SIGN_STYLE = Automatic;
				CURRENT_PROJECT_VERSION = 1;
				DEVELOPMENT_TEAM = M3G6GC9D7L;
				GENERATE_INFOPLIST_FILE = YES;
				IPHONEOS_DEPLOYMENT_TARGET = 15.0;
				LD_RUNPATH_SEARCH_PATHS = (
					"$(inherited)",
					"@executable_path/Frameworks",
					"@loader_path/Frameworks",
				);
				MARKETING_VERSION = 1.0;
				PRODUCT_BUNDLE_IDENTIFIER = com.halilyilmaz.netflixTests;
				PRODUCT_NAME = "$(TARGET_NAME)";
				SWIFT_EMIT_LOC_STRINGS = NO;
				SWIFT_VERSION = 5.0;
				TARGETED_DEVICE_FAMILY = "1,2";
				TEST_HOST = "$(BUILT_PRODUCTS_DIR)/netflix.app/netflix";
			};
			name = Debug;
		};
		9D6A6B2B281BCE310059FEFA /* Release */ = {
			isa = XCBuildConfiguration;
			buildSettings = {
				ALWAYS_EMBED_SWIFT_STANDARD_LIBRARIES = YES;
				BUNDLE_LOADER = "$(TEST_HOST)";
				CODE_SIGN_STYLE = Automatic;
				CURRENT_PROJECT_VERSION = 1;
				DEVELOPMENT_TEAM = M3G6GC9D7L;
				GENERATE_INFOPLIST_FILE = YES;
				IPHONEOS_DEPLOYMENT_TARGET = 15.0;
				LD_RUNPATH_SEARCH_PATHS = (
					"$(inherited)",
					"@executable_path/Frameworks",
					"@loader_path/Frameworks",
				);
				MARKETING_VERSION = 1.0;
				PRODUCT_BUNDLE_IDENTIFIER = com.halilyilmaz.netflixTests;
				PRODUCT_NAME = "$(TARGET_NAME)";
				SWIFT_EMIT_LOC_STRINGS = NO;
				SWIFT_VERSION = 5.0;
				TARGETED_DEVICE_FAMILY = "1,2";
				TEST_HOST = "$(BUILT_PRODUCTS_DIR)/netflix.app/netflix";
			};
			name = Release;
		};
		9D6A6B2D281BCE310059FEFA /* Debug */ = {
			isa = XCBuildConfiguration;
			buildSettings = {
				ALWAYS_EMBED_SWIFT_STANDARD_LIBRARIES = YES;
				CODE_SIGN_STYLE = Automatic;
				CURRENT_PROJECT_VERSION = 1;
				DEVELOPMENT_TEAM = M3G6GC9D7L;
				GENERATE_INFOPLIST_FILE = YES;
				LD_RUNPATH_SEARCH_PATHS = (
					"$(inherited)",
					"@executable_path/Frameworks",
					"@loader_path/Frameworks",
				);
				MARKETING_VERSION = 1.0;
				PRODUCT_BUNDLE_IDENTIFIER = com.halilyilmaz.netflixUITests;
				PRODUCT_NAME = "$(TARGET_NAME)";
				SWIFT_EMIT_LOC_STRINGS = NO;
				SWIFT_VERSION = 5.0;
				TARGETED_DEVICE_FAMILY = "1,2";
				TEST_TARGET_NAME = netflix;
			};
			name = Debug;
		};
		9D6A6B2E281BCE310059FEFA /* Release */ = {
			isa = XCBuildConfiguration;
			buildSettings = {
				ALWAYS_EMBED_SWIFT_STANDARD_LIBRARIES = YES;
				CODE_SIGN_STYLE = Automatic;
				CURRENT_PROJECT_VERSION = 1;
				DEVELOPMENT_TEAM = M3G6GC9D7L;
				GENERATE_INFOPLIST_FILE = YES;
				LD_RUNPATH_SEARCH_PATHS = (
					"$(inherited)",
					"@executable_path/Frameworks",
					"@loader_path/Frameworks",
				);
				MARKETING_VERSION = 1.0;
				PRODUCT_BUNDLE_IDENTIFIER = com.halilyilmaz.netflixUITests;
				PRODUCT_NAME = "$(TARGET_NAME)";
				SWIFT_EMIT_LOC_STRINGS = NO;
				SWIFT_VERSION = 5.0;
				TARGETED_DEVICE_FAMILY = "1,2";
				TEST_TARGET_NAME = netflix;
			};
			name = Release;
		};
/* End XCBuildConfiguration section */

/* Begin XCConfigurationList section */
		9D6A6AF4281BCE300059FEFA /* Build configuration list for PBXProject "netflix" */ = {
			isa = XCConfigurationList;
			buildConfigurations = (
				9D6A6B24281BCE310059FEFA /* Debug */,
				9D6A6B25281BCE310059FEFA /* Release */,
			);
			defaultConfigurationIsVisible = 0;
			defaultConfigurationName = Release;
		};
		9D6A6B26281BCE310059FEFA /* Build configuration list for PBXNativeTarget "netflix" */ = {
			isa = XCConfigurationList;
			buildConfigurations = (
				9D6A6B27281BCE310059FEFA /* Debug */,
				9D6A6B28281BCE310059FEFA /* Release */,
			);
			defaultConfigurationIsVisible = 0;
			defaultConfigurationName = Release;
		};
		9D6A6B29281BCE310059FEFA /* Build configuration list for PBXNativeTarget "netflixTests" */ = {
			isa = XCConfigurationList;
			buildConfigurations = (
				9D6A6B2A281BCE310059FEFA /* Debug */,
				9D6A6B2B281BCE310059FEFA /* Release */,
			);
			defaultConfigurationIsVisible = 0;
			defaultConfigurationName = Release;
		};
		9D6A6B2C281BCE310059FEFA /* Build configuration list for PBXNativeTarget "netflixUITests" */ = {
			isa = XCConfigurationList;
			buildConfigurations = (
				9D6A6B2D281BCE310059FEFA /* Debug */,
				9D6A6B2E281BCE310059FEFA /* Release */,
			);
			defaultConfigurationIsVisible = 0;
			defaultConfigurationName = Release;
		};
/* End XCConfigurationList section */

/* Begin XCVersionGroup section */
		9D6A6B05281BCE300059FEFA /* netflix.xcdatamodeld */ = {
			isa = XCVersionGroup;
			children = (
				9D6A6B06281BCE300059FEFA /* netflix.xcdatamodel */,
			);
			currentVersion = 9D6A6B06281BCE300059FEFA /* netflix.xcdatamodel */;
			path = netflix.xcdatamodeld;
			sourceTree = "<group>";
			versionGroupType = wrapper.xcdatamodel;
		};
/* End XCVersionGroup section */
	};
	rootObject = 9D6A6AF1281BCE300059FEFA /* Project object */;
}
